
Microsoft Visual Studio Solution File, Format Version 12.00
# Visual Studio Version 17
VisualStudioVersion = 17.3.32825.248
MinimumVisualStudioVersion = 10.0.40219.1
Project("{FAE04EC0-301F-11D3-BF4B-00C04F79EFBC}") = "TP02-2", "TP02-2.csproj", "{9A233536-D766-4BCE-92A7-283F339A1675}"
EndProject
Global
	GlobalSection(SolutionConfigurationPlatforms) = preSolution
		Debug|Any CPU = Debug|Any CPU
		Release|Any CPU = Release|Any CPU
	EndGlobalSection
	GlobalSection(ProjectConfigurationPlatforms) = postSolution
		{9A233536-D766-4BCE-92A7-283F339A1675}.Debug|Any CPU.ActiveCfg = Debug|Any CPU
		{9A233536-D766-4BCE-92A7-283F339A1675}.Debug|Any CPU.Build.0 = Debug|Any CPU
		{9A233536-D766-4BCE-92A7-283F339A1675}.Release|Any CPU.ActiveCfg = Release|Any CPU
		{9A233536-D766-4BCE-92A7-283F339A1675}.Release|Any CPU.Build.0 = Release|Any CPU
	EndGlobalSection
	GlobalSection(SolutionProperties) = preSolution
		HideSolutionNode = FALSE
	EndGlobalSection
	GlobalSection(ExtensibilityGlobals) = postSolution
		SolutionGuid = {575754A5-8DA2-4010-AED1-F6911D530811}
	EndGlobalSection
EndGlobal
